// !$*UTF8*$!
{
	archiveVersion = 1;
	classes = {
	};
	objectVersion = 56;
	objects = {

/* Begin PBXBuildFile section */
		BC33C67C29DEA4B600188B63 /* AppDelegate.swift in Sources */ = {isa = PBXBuildFile; fileRef = BC33C67B29DEA4B600188B63 /* AppDelegate.swift */; };
		BC33C67E29DEA4B600188B63 /* SceneDelegate.swift in Sources */ = {isa = PBXBuildFile; fileRef = BC33C67D29DEA4B600188B63 /* SceneDelegate.swift */; };
		BC33C68029DEA4B600188B63 /* MainTabViewController.swift in Sources */ = {isa = PBXBuildFile; fileRef = BC33C67F29DEA4B600188B63 /* MainTabViewController.swift */; };
		BC33C68529DEA4B700188B63 /* Assets.xcassets in Resources */ = {isa = PBXBuildFile; fileRef = BC33C68429DEA4B700188B63 /* Assets.xcassets */; };
		BC33C68829DEA4B700188B63 /* LaunchScreen.storyboard in Resources */ = {isa = PBXBuildFile; fileRef = BC33C68629DEA4B700188B63 /* LaunchScreen.storyboard */; };
		BC33C69229DEA8A000188B63 /* HomeViewController.swift in Sources */ = {isa = PBXBuildFile; fileRef = BC33C69129DEA8A000188B63 /* HomeViewController.swift */; };
		BC33C69429DEA8AC00188B63 /* SearchViewController.swift in Sources */ = {isa = PBXBuildFile; fileRef = BC33C69329DEA8AC00188B63 /* SearchViewController.swift */; };
		BC33C69629DEA8B700188B63 /* UpcomingViewController.swift in Sources */ = {isa = PBXBuildFile; fileRef = BC33C69529DEA8B700188B63 /* UpcomingViewController.swift */; };
		BC33C69829DEA8C200188B63 /* DownloadsViewController.swift in Sources */ = {isa = PBXBuildFile; fileRef = BC33C69729DEA8C200188B63 /* DownloadsViewController.swift */; };
		BC33C69F29DEC05800188B63 /* CollectionViewTableViewCell.swift in Sources */ = {isa = PBXBuildFile; fileRef = BC33C69E29DEC05800188B63 /* CollectionViewTableViewCell.swift */; };
		BC33C6A129DEC6E000188B63 /* HeroHeaderUIView.swift in Sources */ = {isa = PBXBuildFile; fileRef = BC33C6A029DEC6E000188B63 /* HeroHeaderUIView.swift */; };
		BC3FEC5529E3E5B60048004E /* APICaller.swift in Sources */ = {isa = PBXBuildFile; fileRef = BC3FEC5429E3E5B60048004E /* APICaller.swift */; };
		BC3FEC5729E3EB290048004E /* Movie.swift in Sources */ = {isa = PBXBuildFile; fileRef = BC3FEC5629E3EB290048004E /* Movie.swift */; };
		BC3FEC5929E3F2AB0048004E /* TV.swift in Sources */ = {isa = PBXBuildFile; fileRef = BC3FEC5829E3F2AB0048004E /* TV.swift */; };
		BC3FEC5B29E3F5360048004E /* TitleCollectionViewCell.swift in Sources */ = {isa = PBXBuildFile; fileRef = BC3FEC5A29E3F5360048004E /* TitleCollectionViewCell.swift */; };
		BC3FEC6129E3F7910048004E /* SDWebImage in Frameworks */ = {isa = PBXBuildFile; productRef = BC3FEC6029E3F7910048004E /* SDWebImage */; };
		BC3FEC6329E3F7910048004E /* SDWebImageMapKit in Frameworks */ = {isa = PBXBuildFile; productRef = BC3FEC6229E3F7910048004E /* SDWebImageMapKit */; };
		BC3FEC6529E41E320048004E /* MovieTableViewCell.swift in Sources */ = {isa = PBXBuildFile; fileRef = BC3FEC6429E41E320048004E /* MovieTableViewCell.swift */; };
		BCB8ED6329E5470200180538 /* MovieViewModel.swift in Sources */ = {isa = PBXBuildFile; fileRef = BCB8ED6229E5470200180538 /* MovieViewModel.swift */; };
		BCB8ED6729E549D700180538 /* SearchResultViewController.swift in Sources */ = {isa = PBXBuildFile; fileRef = BCB8ED6629E549D700180538 /* SearchResultViewController.swift */; };
		BCB8ED6929E56EC700180538 /* YoutubeSearchResponse.swift in Sources */ = {isa = PBXBuildFile; fileRef = BCB8ED6829E56EC700180538 /* YoutubeSearchResponse.swift */; };
/* End PBXBuildFile section */

/* Begin PBXFileReference section */
		BC33C67829DEA4B600188B63 /* NetflixClone.app */ = {isa = PBXFileReference; explicitFileType = wrapper.application; includeInIndex = 0; path = NetflixClone.app; sourceTree = BUILT_PRODUCTS_DIR; };
		BC33C67B29DEA4B600188B63 /* AppDelegate.swift */ = {isa = PBXFileReference; lastKnownFileType = sourcecode.swift; path = AppDelegate.swift; sourceTree = "<group>"; };
		BC33C67D29DEA4B600188B63 /* SceneDelegate.swift */ = {isa = PBXFileReference; lastKnownFileType = sourcecode.swift; path = SceneDelegate.swift; sourceTree = "<group>"; };
		BC33C67F29DEA4B600188B63 /* MainTabViewController.swift */ = {isa = PBXFileReference; lastKnownFileType = sourcecode.swift; path = MainTabViewController.swift; sourceTree = "<group>"; };
		BC33C68429DEA4B700188B63 /* Assets.xcassets */ = {isa = PBXFileReference; lastKnownFileType = folder.assetcatalog; path = Assets.xcassets; sourceTree = "<group>"; };
		BC33C68729DEA4B700188B63 /* Base */ = {isa = PBXFileReference; lastKnownFileType = file.storyboard; name = Base; path = Base.lproj/LaunchScreen.storyboard; sourceTree = "<group>"; };
		BC33C68929DEA4B700188B63 /* Info.plist */ = {isa = PBXFileReference; lastKnownFileType = text.plist.xml; path = Info.plist; sourceTree = "<group>"; };
		BC33C69129DEA8A000188B63 /* HomeViewController.swift */ = {isa = PBXFileReference; lastKnownFileType = sourcecode.swift; path = HomeViewController.swift; sourceTree = "<group>"; };
		BC33C69329DEA8AC00188B63 /* SearchViewController.swift */ = {isa = PBXFileReference; lastKnownFileType = sourcecode.swift; path = SearchViewController.swift; sourceTree = "<group>"; };
		BC33C69529DEA8B700188B63 /* UpcomingViewController.swift */ = {isa = PBXFileReference; lastKnownFileType = sourcecode.swift; path = UpcomingViewController.swift; sourceTree = "<group>"; };
		BC33C69729DEA8C200188B63 /* DownloadsViewController.swift */ = {isa = PBXFileReference; lastKnownFileType = sourcecode.swift; path = DownloadsViewController.swift; sourceTree = "<group>"; };
		BC33C69E29DEC05800188B63 /* CollectionViewTableViewCell.swift */ = {isa = PBXFileReference; lastKnownFileType = sourcecode.swift; path = CollectionViewTableViewCell.swift; sourceTree = "<group>"; };
		BC33C6A029DEC6E000188B63 /* HeroHeaderUIView.swift */ = {isa = PBXFileReference; lastKnownFileType = sourcecode.swift; path = HeroHeaderUIView.swift; sourceTree = "<group>"; };
		BC3FEC5429E3E5B60048004E /* APICaller.swift */ = {isa = PBXFileReference; lastKnownFileType = sourcecode.swift; path = APICaller.swift; sourceTree = "<group>"; };
		BC3FEC5629E3EB290048004E /* Movie.swift */ = {isa = PBXFileReference; lastKnownFileType = sourcecode.swift; path = Movie.swift; sourceTree = "<group>"; };
		BC3FEC5829E3F2AB0048004E /* TV.swift */ = {isa = PBXFileReference; lastKnownFileType = sourcecode.swift; path = TV.swift; sourceTree = "<group>"; };
		BC3FEC5A29E3F5360048004E /* TitleCollectionViewCell.swift */ = {isa = PBXFileReference; lastKnownFileType = sourcecode.swift; path = TitleCollectionViewCell.swift; sourceTree = "<group>"; };
		BC3FEC6429E41E320048004E /* MovieTableViewCell.swift */ = {isa = PBXFileReference; lastKnownFileType = sourcecode.swift; path = MovieTableViewCell.swift; sourceTree = "<group>"; };
		BCB8ED6229E5470200180538 /* MovieViewModel.swift */ = {isa = PBXFileReference; lastKnownFileType = sourcecode.swift; path = MovieViewModel.swift; sourceTree = "<group>"; };
		BCB8ED6629E549D700180538 /* SearchResultViewController.swift */ = {isa = PBXFileReference; lastKnownFileType = sourcecode.swift; path = SearchResultViewController.swift; sourceTree = "<group>"; };
		BCB8ED6829E56EC700180538 /* YoutubeSearchResponse.swift */ = {isa = PBXFileReference; lastKnownFileType = sourcecode.swift; path = YoutubeSearchResponse.swift; sourceTree = "<group>"; };
/* End PBXFileReference section */

/* Begin PBXFrameworksBuildPhase section */
		BC33C67529DEA4B600188B63 /* Frameworks */ = {
			isa = PBXFrameworksBuildPhase;
			buildActionMask = 2147483647;
			files = (
				BC3FEC6329E3F7910048004E /* SDWebImageMapKit in Frameworks */,
				BC3FEC6129E3F7910048004E /* SDWebImage in Frameworks */,
			);
			runOnlyForDeploymentPostprocessing = 0;
		};
/* End PBXFrameworksBuildPhase section */

/* Begin PBXGroup section */
		BC33C66F29DEA4B600188B63 = {
			isa = PBXGroup;
			children = (
				BC33C67A29DEA4B600188B63 /* NetflixClone */,
				BC33C67929DEA4B600188B63 /* Products */,
			);
			sourceTree = "<group>";
		};
		BC33C67929DEA4B600188B63 /* Products */ = {
			isa = PBXGroup;
			children = (
				BC33C67829DEA4B600188B63 /* NetflixClone.app */,
			);
			name = Products;
			sourceTree = "<group>";
		};
		BC33C67A29DEA4B600188B63 /* NetflixClone */ = {
			isa = PBXGroup;
			children = (
				BC33C69D29DEC01D00188B63 /* Managers */,
				BC33C69C29DEC01500188B63 /* Resources */,
				BC33C69B29DEBFB700188B63 /* Models */,
				BC33C69929DEBF8A00188B63 /* Views */,
				BC33C69A29DEBFAE00188B63 /* ViewModels */,
				BC33C68F29DEA83600188B63 /* Controllers */,
				BC33C67B29DEA4B600188B63 /* AppDelegate.swift */,
				BC33C67D29DEA4B600188B63 /* SceneDelegate.swift */,
				BC33C67F29DEA4B600188B63 /* MainTabViewController.swift */,
				BC33C68429DEA4B700188B63 /* Assets.xcassets */,
				BC33C68629DEA4B700188B63 /* LaunchScreen.storyboard */,
				BC33C68929DEA4B700188B63 /* Info.plist */,
			);
			path = NetflixClone;
			sourceTree = "<group>";
		};
		BC33C68F29DEA83600188B63 /* Controllers */ = {
			isa = PBXGroup;
			children = (
				BCB8ED6529E549BD00180538 /* General */,
				BCB8ED6429E549B200180538 /* Core */,
			);
			path = Controllers;
			sourceTree = "<group>";
		};
		BC33C69929DEBF8A00188B63 /* Views */ = {
			isa = PBXGroup;
			children = (
				BC33C69E29DEC05800188B63 /* CollectionViewTableViewCell.swift */,
				BC33C6A029DEC6E000188B63 /* HeroHeaderUIView.swift */,
				BC3FEC5A29E3F5360048004E /* TitleCollectionViewCell.swift */,
				BC3FEC6429E41E320048004E /* MovieTableViewCell.swift */,
			);
			path = Views;
			sourceTree = "<group>";
		};
		BC33C69A29DEBFAE00188B63 /* ViewModels */ = {
			isa = PBXGroup;
			children = (
				BCB8ED6229E5470200180538 /* MovieViewModel.swift */,
			);
			path = ViewModels;
			sourceTree = "<group>";
		};
		BC33C69B29DEBFB700188B63 /* Models */ = {
			isa = PBXGroup;
			children = (
				BC3FEC5629E3EB290048004E /* Movie.swift */,
				BC3FEC5829E3F2AB0048004E /* TV.swift */,
				BCB8ED6829E56EC700180538 /* YoutubeSearchResponse.swift */,
			);
			path = Models;
			sourceTree = "<group>";
		};
		BC33C69C29DEC01500188B63 /* Resources */ = {
			isa = PBXGroup;
			children = (
			);
			path = Resources;
			sourceTree = "<group>";
		};
		BC33C69D29DEC01D00188B63 /* Managers */ = {
			isa = PBXGroup;
			children = (
				BC3FEC5429E3E5B60048004E /* APICaller.swift */,
			);
			path = Managers;
			sourceTree = "<group>";
		};
		BCB8ED6429E549B200180538 /* Core */ = {
			isa = PBXGroup;
			children = (
				BC33C69129DEA8A000188B63 /* HomeViewController.swift */,
				BC33C69329DEA8AC00188B63 /* SearchViewController.swift */,
				BC33C69529DEA8B700188B63 /* UpcomingViewController.swift */,
				BC33C69729DEA8C200188B63 /* DownloadsViewController.swift */,
			);
			path = Core;
			sourceTree = "<group>";
		};
		BCB8ED6529E549BD00180538 /* General */ = {
			isa = PBXGroup;
			children = (
				BCB8ED6629E549D700180538 /* SearchResultViewController.swift */,
			);
			path = General;
			sourceTree = "<group>";
		};
/* End PBXGroup section */

/* Begin PBXNativeTarget section */
		BC33C67729DEA4B600188B63 /* NetflixClone */ = {
			isa = PBXNativeTarget;
			buildConfigurationList = BC33C68C29DEA4B700188B63 /* Build configuration list for PBXNativeTarget "NetflixClone" */;
			buildPhases = (
				BC33C67429DEA4B600188B63 /* Sources */,
				BC33C67529DEA4B600188B63 /* Frameworks */,
				BC33C67629DEA4B600188B63 /* Resources */,
			);
			buildRules = (
			);
			dependencies = (
			);
			name = NetflixClone;
			packageProductDependencies = (
				BC3FEC6029E3F7910048004E /* SDWebImage */,
				BC3FEC6229E3F7910048004E /* SDWebImageMapKit */,
			);
			productName = NetflixClone;
			productReference = BC33C67829DEA4B600188B63 /* NetflixClone.app */;
			productType = "com.apple.product-type.application";
		};
/* End PBXNativeTarget section */

/* Begin PBXProject section */
		BC33C67029DEA4B600188B63 /* Project object */ = {
			isa = PBXProject;
			attributes = {
				BuildIndependentTargetsInParallel = 1;
				LastSwiftUpdateCheck = 1420;
				LastUpgradeCheck = 1420;
				TargetAttributes = {
					BC33C67729DEA4B600188B63 = {
						CreatedOnToolsVersion = 14.2;
					};
				};
			};
			buildConfigurationList = BC33C67329DEA4B600188B63 /* Build configuration list for PBXProject "NetflixClone" */;
			compatibilityVersion = "Xcode 14.0";
			developmentRegion = en;
			hasScannedForEncodings = 0;
			knownRegions = (
				en,
				Base,
			);
			mainGroup = BC33C66F29DEA4B600188B63;
			packageReferences = (
				BC3FEC5F29E3F7910048004E /* XCRemoteSwiftPackageReference "SDWebImage" */,
			);
			productRefGroup = BC33C67929DEA4B600188B63 /* Products */;
			projectDirPath = "";
			projectRoot = "";
			targets = (
				BC33C67729DEA4B600188B63 /* NetflixClone */,
			);
		};
/* End PBXProject section */

/* Begin PBXResourcesBuildPhase section */
		BC33C67629DEA4B600188B63 /* Resources */ = {
			isa = PBXResourcesBuildPhase;
			buildActionMask = 2147483647;
			files = (
				BC33C68829DEA4B700188B63 /* LaunchScreen.storyboard in Resources */,
				BC33C68529DEA4B700188B63 /* Assets.xcassets in Resources */,
			);
			runOnlyForDeploymentPostprocessing = 0;
		};
/* End PBXResourcesBuildPhase section */

/* Begin PBXSourcesBuildPhase section */
		BC33C67429DEA4B600188B63 /* Sources */ = {
			isa = PBXSourcesBuildPhase;
			buildActionMask = 2147483647;
			files = (
				BC33C69429DEA8AC00188B63 /* SearchViewController.swift in Sources */,
				BC3FEC5B29E3F5360048004E /* TitleCollectionViewCell.swift in Sources */,
				BC33C68029DEA4B600188B63 /* MainTabViewController.swift in Sources */,
				BC3FEC6529E41E320048004E /* MovieTableViewCell.swift in Sources */,
				BC33C69F29DEC05800188B63 /* CollectionViewTableViewCell.swift in Sources */,
				BC3FEC5729E3EB290048004E /* Movie.swift in Sources */,
				BC3FEC5529E3E5B60048004E /* APICaller.swift in Sources */,
				BC3FEC5929E3F2AB0048004E /* TV.swift in Sources */,
				BC33C6A129DEC6E000188B63 /* HeroHeaderUIView.swift in Sources */,
				BC33C67C29DEA4B600188B63 /* AppDelegate.swift in Sources */,
				BC33C69829DEA8C200188B63 /* DownloadsViewController.swift in Sources */,
				BCB8ED6929E56EC700180538 /* YoutubeSearchResponse.swift in Sources */,
				BCB8ED6329E5470200180538 /* MovieViewModel.swift in Sources */,
				BC33C67E29DEA4B600188B63 /* SceneDelegate.swift in Sources */,
				BC33C69629DEA8B700188B63 /* UpcomingViewController.swift in Sources */,
				BCB8ED6729E549D700180538 /* SearchResultViewController.swift in Sources */,
				BC33C69229DEA8A000188B63 /* HomeViewController.swift in Sources */,
			);
			runOnlyForDeploymentPostprocessing = 0;
		};
/* End PBXSourcesBuildPhase section */

/* Begin PBXVariantGroup section */
		BC33C68629DEA4B700188B63 /* LaunchScreen.storyboard */ = {
			isa = PBXVariantGroup;
			children = (
				BC33C68729DEA4B700188B63 /* Base */,
			);
			name = LaunchScreen.storyboard;
			sourceTree = "<group>";
		};
/* End PBXVariantGroup section */

/* Begin XCBuildConfiguration section */
		BC33C68A29DEA4B700188B63 /* Debug */ = {
			isa = XCBuildConfiguration;
			buildSettings = {
				ALWAYS_SEARCH_USER_PATHS = NO;
				CLANG_ANALYZER_NONNULL = YES;
				CLANG_ANALYZER_NUMBER_OBJECT_CONVERSION = YES_AGGRESSIVE;
				CLANG_CXX_LANGUAGE_STANDARD = "gnu++20";
				CLANG_ENABLE_MODULES = YES;
				CLANG_ENABLE_OBJC_ARC = YES;
				CLANG_ENABLE_OBJC_WEAK = YES;
				CLANG_WARN_BLOCK_CAPTURE_AUTORELEASING = YES;
				CLANG_WARN_BOOL_CONVERSION = YES;
				CLANG_WARN_COMMA = YES;
				CLANG_WARN_CONSTANT_CONVERSION = YES;
				CLANG_WARN_DEPRECATED_OBJC_IMPLEMENTATIONS = YES;
				CLANG_WARN_DIRECT_OBJC_ISA_USAGE = YES_ERROR;
				CLANG_WARN_DOCUMENTATION_COMMENTS = YES;
				CLANG_WARN_EMPTY_BODY = YES;
				CLANG_WARN_ENUM_CONVERSION = YES;
				CLANG_WARN_INFINITE_RECURSION = YES;
				CLANG_WARN_INT_CONVERSION = YES;
				CLANG_WARN_NON_LITERAL_NULL_CONVERSION = YES;
				CLANG_WARN_OBJC_IMPLICIT_RETAIN_SELF = YES;
				CLANG_WARN_OBJC_LITERAL_CONVERSION = YES;
				CLANG_WARN_OBJC_ROOT_CLASS = YES_ERROR;
				CLANG_WARN_QUOTED_INCLUDE_IN_FRAMEWORK_HEADER = YES;
				CLANG_WARN_RANGE_LOOP_ANALYSIS = YES;
				CLANG_WARN_STRICT_PROTOTYPES = YES;
				CLANG_WARN_SUSPICIOUS_MOVE = YES;
				CLANG_WARN_UNGUARDED_AVAILABILITY = YES_AGGRESSIVE;
				CLANG_WARN_UNREACHABLE_CODE = YES;
				CLANG_WARN__DUPLICATE_METHOD_MATCH = YES;
				COPY_PHASE_STRIP = NO;
				DEBUG_INFORMATION_FORMAT = dwarf;
				ENABLE_STRICT_OBJC_MSGSEND = YES;
				ENABLE_TESTABILITY = YES;
				GCC_C_LANGUAGE_STANDARD = gnu11;
				GCC_DYNAMIC_NO_PIC = NO;
				GCC_NO_COMMON_BLOCKS = YES;
				GCC_OPTIMIZATION_LEVEL = 0;
				GCC_PREPROCESSOR_DEFINITIONS = (
					"DEBUG=1",
					"$(inherited)",
				);
				GCC_WARN_64_TO_32_BIT_CONVERSION = YES;
				GCC_WARN_ABOUT_RETURN_TYPE = YES_ERROR;
				GCC_WARN_UNDECLARED_SELECTOR = YES;
				GCC_WARN_UNINITIALIZED_AUTOS = YES_AGGRESSIVE;
				GCC_WARN_UNUSED_FUNCTION = YES;
				GCC_WARN_UNUSED_VARIABLE = YES;
				IPHONEOS_DEPLOYMENT_TARGET = 16.2;
				MTL_ENABLE_DEBUG_INFO = INCLUDE_SOURCE;
				MTL_FAST_MATH = YES;
				ONLY_ACTIVE_ARCH = YES;
				SDKROOT = iphoneos;
				SWIFT_ACTIVE_COMPILATION_CONDITIONS = DEBUG;
				SWIFT_OPTIMIZATION_LEVEL = "-Onone";
			};
			name = Debug;
		};
		BC33C68B29DEA4B700188B63 /* Release */ = {
			isa = XCBuildConfiguration;
			buildSettings = {
				ALWAYS_SEARCH_USER_PATHS = NO;
				CLANG_ANALYZER_NONNULL = YES;
				CLANG_ANALYZER_NUMBER_OBJECT_CONVERSION = YES_AGGRESSIVE;
				CLANG_CXX_LANGUAGE_STANDARD = "gnu++20";
				CLANG_ENABLE_MODULES = YES;
				CLANG_ENABLE_OBJC_ARC = YES;
				CLANG_ENABLE_OBJC_WEAK = YES;
				CLANG_WARN_BLOCK_CAPTURE_AUTORELEASING = YES;
				CLANG_WARN_BOOL_CONVERSION = YES;
				CLANG_WARN_COMMA = YES;
				CLANG_WARN_CONSTANT_CONVERSION = YES;
				CLANG_WARN_DEPRECATED_OBJC_IMPLEMENTATIONS = YES;
				CLANG_WARN_DIRECT_OBJC_ISA_USAGE = YES_ERROR;
				CLANG_WARN_DOCUMENTATION_COMMENTS = YES;
				CLANG_WARN_EMPTY_BODY = YES;
				CLANG_WARN_ENUM_CONVERSION = YES;
				CLANG_WARN_INFINITE_RECURSION = YES;
				CLANG_WARN_INT_CONVERSION = YES;
				CLANG_WARN_NON_LITERAL_NULL_CONVERSION = YES;
				CLANG_WARN_OBJC_IMPLICIT_RETAIN_SELF = YES;
				CLANG_WARN_OBJC_LITERAL_CONVERSION = YES;
				CLANG_WARN_OBJC_ROOT_CLASS = YES_ERROR;
				CLANG_WARN_QUOTED_INCLUDE_IN_FRAMEWORK_HEADER = YES;
				CLANG_WARN_RANGE_LOOP_ANALYSIS = YES;
				CLANG_WARN_STRICT_PROTOTYPES = YES;
				CLANG_WARN_SUSPICIOUS_MOVE = YES;
				CLANG_WARN_UNGUARDED_AVAILABILITY = YES_AGGRESSIVE;
				CLANG_WARN_UNREACHABLE_CODE = YES;
				CLANG_WARN__DUPLICATE_METHOD_MATCH = YES;
				COPY_PHASE_STRIP = NO;
				DEBUG_INFORMATION_FORMAT = "dwarf-with-dsym";
				ENABLE_NS_ASSERTIONS = NO;
				ENABLE_STRICT_OBJC_MSGSEND = YES;
				GCC_C_LANGUAGE_STANDARD = gnu11;
				GCC_NO_COMMON_BLOCKS = YES;
				GCC_WARN_64_TO_32_BIT_CONVERSION = YES;
				GCC_WARN_ABOUT_RETURN_TYPE = YES_ERROR;
				GCC_WARN_UNDECLARED_SELECTOR = YES;
				GCC_WARN_UNINITIALIZED_AUTOS = YES_AGGRESSIVE;
				GCC_WARN_UNUSED_FUNCTION = YES;
				GCC_WARN_UNUSED_VARIABLE = YES;
				IPHONEOS_DEPLOYMENT_TARGET = 16.2;
				MTL_ENABLE_DEBUG_INFO = NO;
				MTL_FAST_MATH = YES;
				SDKROOT = iphoneos;
				SWIFT_COMPILATION_MODE = wholemodule;
				SWIFT_OPTIMIZATION_LEVEL = "-O";
				VALIDATE_PRODUCT = YES;
			};
			name = Release;
		};
		BC33C68D29DEA4B700188B63 /* Debug */ = {
			isa = XCBuildConfiguration;
			buildSettings = {
				ASSETCATALOG_COMPILER_APPICON_NAME = AppIcon;
				ASSETCATALOG_COMPILER_GLOBAL_ACCENT_COLOR_NAME = AccentColor;
				CODE_SIGN_STYLE = Automatic;
				CURRENT_PROJECT_VERSION = 1;
				DEVELOPMENT_TEAM = KZ2U64943Z;
				GENERATE_INFOPLIST_FILE = YES;
				INFOPLIST_FILE = NetflixClone/Info.plist;
				INFOPLIST_KEY_UIApplicationSupportsIndirectInputEvents = YES;
				INFOPLIST_KEY_UILaunchStoryboardName = LaunchScreen;
				INFOPLIST_KEY_UISupportedInterfaceOrientations_iPad = "UIInterfaceOrientationPortrait UIInterfaceOrientationPortraitUpsideDown UIInterfaceOrientationLandscapeLeft UIInterfaceOrientationLandscapeRight";
				INFOPLIST_KEY_UISupportedInterfaceOrientations_iPhone = "UIInterfaceOrientationPortrait UIInterfaceOrientationLandscapeLeft UIInterfaceOrientationLandscapeRight";
				LD_RUNPATH_SEARCH_PATHS = (
					"$(inherited)",
					"@executable_path/Frameworks",
				);
				MARKETING_VERSION = 1.0;
				PRODUCT_BUNDLE_IDENTIFIER = com.otaku.clone.NetflixClone;
				PRODUCT_NAME = "$(TARGET_NAME)";
				SWIFT_EMIT_LOC_STRINGS = YES;
				SWIFT_VERSION = 5.0;
				TARGETED_DEVICE_FAMILY = "1,2";
			};
			name = Debug;
		};
		BC33C68E29DEA4B700188B63 /* Release */ = {
			isa = XCBuildConfiguration;
			buildSettings = {
				ASSETCATALOG_COMPILER_APPICON_NAME = AppIcon;
				ASSETCATALOG_COMPILER_GLOBAL_ACCENT_COLOR_NAME = AccentColor;
				CODE_SIGN_STYLE = Automatic;
				CURRENT_PROJECT_VERSION = 1;
				DEVELOPMENT_TEAM = KZ2U64943Z;
				GENERATE_INFOPLIST_FILE = YES;
				INFOPLIST_FILE = NetflixClone/Info.plist;
				INFOPLIST_KEY_UIApplicationSupportsIndirectInputEvents = YES;
				INFOPLIST_KEY_UILaunchStoryboardName = LaunchScreen;
				INFOPLIST_KEY_UISupportedInterfaceOrientations_iPad = "UIInterfaceOrientationPortrait UIInterfaceOrientationPortraitUpsideDown UIInterfaceOrientationLandscapeLeft UIInterfaceOrientationLandscapeRight";
				INFOPLIST_KEY_UISupportedInterfaceOrientations_iPhone = "UIInterfaceOrientationPortrait UIInterfaceOrientationLandscapeLeft UIInterfaceOrientationLandscapeRight";
				LD_RUNPATH_SEARCH_PATHS = (
					"$(inherited)",
					"@executable_path/Frameworks",
				);
				MARKETING_VERSION = 1.0;
				PRODUCT_BUNDLE_IDENTIFIER = com.otaku.clone.NetflixClone;
				PRODUCT_NAME = "$(TARGET_NAME)";
				SWIFT_EMIT_LOC_STRINGS = YES;
				SWIFT_VERSION = 5.0;
				TARGETED_DEVICE_FAMILY = "1,2";
			};
			name = Release;
		};
/* End XCBuildConfiguration section */

/* Begin XCConfigurationList section */
		BC33C67329DEA4B600188B63 /* Build configuration list for PBXProject "NetflixClone" */ = {
			isa = XCConfigurationList;
			buildConfigurations = (
				BC33C68A29DEA4B700188B63 /* Debug */,
				BC33C68B29DEA4B700188B63 /* Release */,
			);
			defaultConfigurationIsVisible = 0;
			defaultConfigurationName = Release;
		};
		BC33C68C29DEA4B700188B63 /* Build configuration list for PBXNativeTarget "NetflixClone" */ = {
			isa = XCConfigurationList;
			buildConfigurations = (
				BC33C68D29DEA4B700188B63 /* Debug */,
				BC33C68E29DEA4B700188B63 /* Release */,
			);
			defaultConfigurationIsVisible = 0;
			defaultConfigurationName = Release;
		};
/* End XCConfigurationList section */

/* Begin XCRemoteSwiftPackageReference section */
		BC3FEC5F29E3F7910048004E /* XCRemoteSwiftPackageReference "SDWebImage" */ = {
			isa = XCRemoteSwiftPackageReference;
			repositoryURL = "https://github.com/SDWebImage/SDWebImage.git";
			requirement = {
				branch = master;
				kind = branch;
			};
		};
/* End XCRemoteSwiftPackageReference section */

/* Begin XCSwiftPackageProductDependency section */
		BC3FEC6029E3F7910048004E /* SDWebImage */ = {
			isa = XCSwiftPackageProductDependency;
			package = BC3FEC5F29E3F7910048004E /* XCRemoteSwiftPackageReference "SDWebImage" */;
			productName = SDWebImage;
		};
		BC3FEC6229E3F7910048004E /* SDWebImageMapKit */ = {
			isa = XCSwiftPackageProductDependency;
			package = BC3FEC5F29E3F7910048004E /* XCRemoteSwiftPackageReference "SDWebImage" */;
			productName = SDWebImageMapKit;
		};
/* End XCSwiftPackageProductDependency section */
	};
	rootObject = BC33C67029DEA4B600188B63 /* Project object */;
}
